
Microsoft Visual Studio Solution File, Format Version 12.00
# Visual Studio Version 16
VisualStudioVersion = 16.0.29009.5
MinimumVisualStudioVersion = 10.0.40219.1
Project("{9A19103F-16F7-4668-BE54-9A1E7A4F7556}") = "AspNetWebSite", "AspNetWebSite\AspNetWebSite.csproj", "{B8BF4F37-569C-4399-9101-70627543300C}"
EndProject
Project("{E53339B2-1760-4266-BCC7-CA923CBCF16C}") = "docker-compose", "docker-compose.dcproj", "{AE9320CE-0D94-4350-ACEC-0A69356D8A7A}"
EndProject
Global
	GlobalSection(SolutionConfigurationPlatforms) = preSolution
		Debug|Any CPU = Debug|Any CPU
		Release|Any CPU = Release|Any CPU
	EndGlobalSection
	GlobalSection(ProjectConfigurationPlatforms) = postSolution
		{B8BF4F37-569C-4399-9101-70627543300C}.Debug|Any CPU.ActiveCfg = Debug|Any CPU
		{B8BF4F37-569C-4399-9101-70627543300C}.Debug|Any CPU.Build.0 = Debug|Any CPU
		{B8BF4F37-569C-4399-9101-70627543300C}.Release|Any CPU.ActiveCfg = Release|Any CPU
		{B8BF4F37-569C-4399-9101-70627543300C}.Release|Any CPU.Build.0 = Release|Any CPU
		{AE9320CE-0D94-4350-ACEC-0A69356D8A7A}.Debug|Any CPU.ActiveCfg = Debug|Any CPU
		{AE9320CE-0D94-4350-ACEC-0A69356D8A7A}.Debug|Any CPU.Build.0 = Debug|Any CPU
		{AE9320CE-0D94-4350-ACEC-0A69356D8A7A}.Release|Any CPU.ActiveCfg = Release|Any CPU
		{AE9320CE-0D94-4350-ACEC-0A69356D8A7A}.Release|Any CPU.Build.0 = Release|Any CPU
	EndGlobalSection
	GlobalSection(SolutionProperties) = preSolution
		HideSolutionNode = FALSE
	EndGlobalSection
	GlobalSection(ExtensibilityGlobals) = postSolution
		SolutionGuid = {30045749-D41C-4561-BD20-7BE2D806C47A}
	EndGlobalSection
EndGlobal
